// !$*UTF8*$!
{
	archiveVersion = 1;
	classes = {
	};
	objectVersion = 50;
	objects = {

/* Begin PBXBuildFile section */
		44583AD94ACB70F2A778FA55 /* Pods_UITableViewSampleDemoOC.framework in Frameworks */ = {isa = PBXBuildFile; fileRef = 53FD7B61768F2E411172DD5E /* Pods_UITableViewSampleDemoOC.framework */; };
		EEC0D5AA270E9A7600EBA7AF /* AppDelegate.m in Sources */ = {isa = PBXBuildFile; fileRef = EEC0D5A9270E9A7600EBA7AF /* AppDelegate.m */; };
		EEC0D5AD270E9A7600EBA7AF /* SceneDelegate.m in Sources */ = {isa = PBXBuildFile; fileRef = EEC0D5AC270E9A7600EBA7AF /* SceneDelegate.m */; };
		EEC0D5B0270E9A7600EBA7AF /* ViewController.m in Sources */ = {isa = PBXBuildFile; fileRef = EEC0D5AF270E9A7600EBA7AF /* ViewController.m */; };
		EEC0D5B3270E9A7600EBA7AF /* Main.storyboard in Resources */ = {isa = PBXBuildFile; fileRef = EEC0D5B1270E9A7600EBA7AF /* Main.storyboard */; };
		EEC0D5B5270E9A7A00EBA7AF /* Assets.xcassets in Resources */ = {isa = PBXBuildFile; fileRef = EEC0D5B4270E9A7A00EBA7AF /* Assets.xcassets */; };
		EEC0D5B8270E9A7A00EBA7AF /* LaunchScreen.storyboard in Resources */ = {isa = PBXBuildFile; fileRef = EEC0D5B6270E9A7A00EBA7AF /* LaunchScreen.storyboard */; };
		EEC0D5BB270E9A7A00EBA7AF /* main.m in Sources */ = {isa = PBXBuildFile; fileRef = EEC0D5BA270E9A7A00EBA7AF /* main.m */; };
/* End PBXBuildFile section */

/* Begin PBXFileReference section */
		3AB843140D00CBE84ABFB3F5 /* Pods-UITableViewSampleDemoOC.release.xcconfig */ = {isa = PBXFileReference; includeInIndex = 1; lastKnownFileType = text.xcconfig; name = "Pods-UITableViewSampleDemoOC.release.xcconfig"; path = "Target Support Files/Pods-UITableViewSampleDemoOC/Pods-UITableViewSampleDemoOC.release.xcconfig"; sourceTree = "<group>"; };
		481D058976F3B47B1F3AB1CB /* Pods-UITableViewSampleDemoOC.debug.xcconfig */ = {isa = PBXFileReference; includeInIndex = 1; lastKnownFileType = text.xcconfig; name = "Pods-UITableViewSampleDemoOC.debug.xcconfig"; path = "Target Support Files/Pods-UITableViewSampleDemoOC/Pods-UITableViewSampleDemoOC.debug.xcconfig"; sourceTree = "<group>"; };
		53FD7B61768F2E411172DD5E /* Pods_UITableViewSampleDemoOC.framework */ = {isa = PBXFileReference; explicitFileType = wrapper.framework; includeInIndex = 0; path = Pods_UITableViewSampleDemoOC.framework; sourceTree = BUILT_PRODUCTS_DIR; };
		EEC0D5A5270E9A7600EBA7AF /* UITableViewSampleDemoOC.app */ = {isa = PBXFileReference; explicitFileType = wrapper.application; includeInIndex = 0; path = UITableViewSampleDemoOC.app; sourceTree = BUILT_PRODUCTS_DIR; };
		EEC0D5A8270E9A7600EBA7AF /* AppDelegate.h */ = {isa = PBXFileReference; lastKnownFileType = sourcecode.c.h; path = AppDelegate.h; sourceTree = "<group>"; };
		EEC0D5A9270E9A7600EBA7AF /* AppDelegate.m */ = {isa = PBXFileReference; lastKnownFileType = sourcecode.c.objc; path = AppDelegate.m; sourceTree = "<group>"; };
		EEC0D5AB270E9A7600EBA7AF /* SceneDelegate.h */ = {isa = PBXFileReference; lastKnownFileType = sourcecode.c.h; path = SceneDelegate.h; sourceTree = "<group>"; };
		EEC0D5AC270E9A7600EBA7AF /* SceneDelegate.m */ = {isa = PBXFileReference; lastKnownFileType = sourcecode.c.objc; path = SceneDelegate.m; sourceTree = "<group>"; };
		EEC0D5AE270E9A7600EBA7AF /* ViewController.h */ = {isa = PBXFileReference; lastKnownFileType = sourcecode.c.h; path = ViewController.h; sourceTree = "<group>"; };
		EEC0D5AF270E9A7600EBA7AF /* ViewController.m */ = {isa = PBXFileReference; lastKnownFileType = sourcecode.c.objc; path = ViewController.m; sourceTree = "<group>"; };
		EEC0D5B2270E9A7600EBA7AF /* Base */ = {isa = PBXFileReference; lastKnownFileType = file.storyboard; name = Base; path = Base.lproj/Main.storyboard; sourceTree = "<group>"; };
		EEC0D5B4270E9A7A00EBA7AF /* Assets.xcassets */ = {isa = PBXFileReference; lastKnownFileType = folder.assetcatalog; path = Assets.xcassets; sourceTree = "<group>"; };
		EEC0D5B7270E9A7A00EBA7AF /* Base */ = {isa = PBXFileReference; lastKnownFileType = file.storyboard; name = Base; path = Base.lproj/LaunchScreen.storyboard; sourceTree = "<group>"; };
		EEC0D5B9270E9A7A00EBA7AF /* Info.plist */ = {isa = PBXFileReference; lastKnownFileType = text.plist.xml; path = Info.plist; sourceTree = "<group>"; };
		EEC0D5BA270E9A7A00EBA7AF /* main.m */ = {isa = PBXFileReference; lastKnownFileType = sourcecode.c.objc; path = main.m; sourceTree = "<group>"; };
/* End PBXFileReference section */

/* Begin PBXFrameworksBuildPhase section */
		EEC0D5A2270E9A7600EBA7AF /* Frameworks */ = {
			isa = PBXFrameworksBuildPhase;
			buildActionMask = 2147483647;
			files = (
				44583AD94ACB70F2A778FA55 /* Pods_UITableViewSampleDemoOC.framework in Frameworks */,
			);
			runOnlyForDeploymentPostprocessing = 0;
		};
/* End PBXFrameworksBuildPhase section */

/* Begin PBXGroup section */
		88A8168260D43248CEE6C970 /* Pods */ = {
			isa = PBXGroup;
			children = (
				481D058976F3B47B1F3AB1CB /* Pods-UITableViewSampleDemoOC.debug.xcconfig */,
				3AB843140D00CBE84ABFB3F5 /* Pods-UITableViewSampleDemoOC.release.xcconfig */,
			);
			name = Pods;
			path = Pods;
			sourceTree = "<group>";
		};
		BDB54CEC4C7B27B9EED22A63 /* Frameworks */ = {
			isa = PBXGroup;
			children = (
				53FD7B61768F2E411172DD5E /* Pods_UITableViewSampleDemoOC.framework */,
			);
			name = Frameworks;
			sourceTree = "<group>";
		};
		EEC0D59C270E9A7500EBA7AF = {
			isa = PBXGroup;
			children = (
				EEC0D5A7270E9A7600EBA7AF /* UITableViewSampleDemoOC */,
				EEC0D5A6270E9A7600EBA7AF /* Products */,
				88A8168260D43248CEE6C970 /* Pods */,
				BDB54CEC4C7B27B9EED22A63 /* Frameworks */,
			);
			sourceTree = "<group>";
		};
		EEC0D5A6270E9A7600EBA7AF /* Products */ = {
			isa = PBXGroup;
			children = (
				EEC0D5A5270E9A7600EBA7AF /* UITableViewSampleDemoOC.app */,
			);
			name = Products;
			sourceTree = "<group>";
		};
		EEC0D5A7270E9A7600EBA7AF /* UITableViewSampleDemoOC */ = {
			isa = PBXGroup;
			children = (
				EEC0D5A8270E9A7600EBA7AF /* AppDelegate.h */,
				EEC0D5A9270E9A7600EBA7AF /* AppDelegate.m */,
				EEC0D5AB270E9A7600EBA7AF /* SceneDelegate.h */,
				EEC0D5AC270E9A7600EBA7AF /* SceneDelegate.m */,
				EEC0D5AE270E9A7600EBA7AF /* ViewController.h */,
				EEC0D5AF270E9A7600EBA7AF /* ViewController.m */,
				EEC0D5B1270E9A7600EBA7AF /* Main.storyboard */,
				EEC0D5B4270E9A7A00EBA7AF /* Assets.xcassets */,
				EEC0D5B6270E9A7A00EBA7AF /* LaunchScreen.storyboard */,
				EEC0D5B9270E9A7A00EBA7AF /* Info.plist */,
				EEC0D5BA270E9A7A00EBA7AF /* main.m */,
			);
			path = UITableViewSampleDemoOC;
			sourceTree = "<group>";
		};
/* End PBXGroup section */

/* Begin PBXNativeTarget section */
		EEC0D5A4270E9A7600EBA7AF /* UITableViewSampleDemoOC */ = {
			isa = PBXNativeTarget;
			buildConfigurationList = EEC0D5BE270E9A7A00EBA7AF /* Build configuration list for PBXNativeTarget "UITableViewSampleDemoOC" */;
			buildPhases = (
				F4D3EBC39101E28DF99F0DBC /* [CP] Check Pods Manifest.lock */,
				EEC0D5A1270E9A7600EBA7AF /* Sources */,
				EEC0D5A2270E9A7600EBA7AF /* Frameworks */,
				EEC0D5A3270E9A7600EBA7AF /* Resources */,
				EE861416CEB3D37DD9526D03 /* [CP] Embed Pods Frameworks */,
			);
			buildRules = (
			);
			dependencies = (
			);
			name = UITableViewSampleDemoOC;
			productName = UITableViewSampleDemoOC;
			productReference = EEC0D5A5270E9A7600EBA7AF /* UITableViewSampleDemoOC.app */;
			productType = "com.apple.product-type.application";
		};
/* End PBXNativeTarget section */

/* Begin PBXProject section */
		EEC0D59D270E9A7600EBA7AF /* Project object */ = {
			isa = PBXProject;
			attributes = {
				LastUpgradeCheck = 1250;
				TargetAttributes = {
					EEC0D5A4270E9A7600EBA7AF = {
						CreatedOnToolsVersion = 12.5.1;
					};
				};
			};
			buildConfigurationList = EEC0D5A0270E9A7600EBA7AF /* Build configuration list for PBXProject "UITableViewSampleDemoOC" */;
			compatibilityVersion = "Xcode 9.3";
			developmentRegion = en;
			hasScannedForEncodings = 0;
			knownRegions = (
				en,
				Base,
			);
			mainGroup = EEC0D59C270E9A7500EBA7AF;
			productRefGroup = EEC0D5A6270E9A7600EBA7AF /* Products */;
			projectDirPath = "";
			projectRoot = "";
			targets = (
				EEC0D5A4270E9A7600EBA7AF /* UITableViewSampleDemoOC */,
			);
		};
/* End PBXProject section */

/* Begin PBXResourcesBuildPhase section */
		EEC0D5A3270E9A7600EBA7AF /* Resources */ = {
			isa = PBXResourcesBuildPhase;
			buildActionMask = 2147483647;
			files = (
				EEC0D5B8270E9A7A00EBA7AF /* LaunchScreen.storyboard in Resources */,
				EEC0D5B5270E9A7A00EBA7AF /* Assets.xcassets in Resources */,
				EEC0D5B3270E9A7600EBA7AF /* Main.storyboard in Resources */,
			);
			runOnlyForDeploymentPostprocessing = 0;
		};
/* End PBXResourcesBuildPhase section */

/* Begin PBXShellScriptBuildPhase section */
		EE861416CEB3D37DD9526D03 /* [CP] Embed Pods Frameworks */ = {
			isa = PBXShellScriptBuildPhase;
			buildActionMask = 2147483647;
			files = (
			);
			inputFileListPaths = (
				"${PODS_ROOT}/Target Support Files/Pods-UITableViewSampleDemoOC/Pods-UITableViewSampleDemoOC-frameworks-${CONFIGURATION}-input-files.xcfilelist",
			);
			name = "[CP] Embed Pods Frameworks";
			outputFileListPaths = (
				"${PODS_ROOT}/Target Support Files/Pods-UITableViewSampleDemoOC/Pods-UITableViewSampleDemoOC-frameworks-${CONFIGURATION}-output-files.xcfilelist",
			);
			runOnlyForDeploymentPostprocessing = 0;
			shellPath = /bin/sh;
			shellScript = "\"${PODS_ROOT}/Target Support Files/Pods-UITableViewSampleDemoOC/Pods-UITableViewSampleDemoOC-frameworks.sh\"\n";
			showEnvVarsInLog = 0;
		};
		F4D3EBC39101E28DF99F0DBC /* [CP] Check Pods Manifest.lock */ = {
			isa = PBXShellScriptBuildPhase;
			buildActionMask = 2147483647;
			files = (
			);
			inputFileListPaths = (
			);
			inputPaths = (
				"${PODS_PODFILE_DIR_PATH}/Podfile.lock",
				"${PODS_ROOT}/Manifest.lock",
			);
			name = "[CP] Check Pods Manifest.lock";
			outputFileListPaths = (
			);
			outputPaths = (
				"$(DERIVED_FILE_DIR)/Pods-UITableViewSampleDemoOC-checkManifestLockResult.txt",
			);
			runOnlyForDeploymentPostprocessing = 0;
			shellPath = /bin/sh;
			shellScript = "diff \"${PODS_PODFILE_DIR_PATH}/Podfile.lock\" \"${PODS_ROOT}/Manifest.lock\" > /dev/null\nif [ $? != 0 ] ; then\n    # print error to STDERR\n    echo \"error: The sandbox is not in sync with the Podfile.lock. Run 'pod install' or update your CocoaPods installation.\" >&2\n    exit 1\nfi\n# This output is used by Xcode 'outputs' to avoid re-running this script phase.\necho \"SUCCESS\" > \"${SCRIPT_OUTPUT_FILE_0}\"\n";
			showEnvVarsInLog = 0;
		};
/* End PBXShellScriptBuildPhase section */

/* Begin PBXSourcesBuildPhase section */
		EEC0D5A1270E9A7600EBA7AF /* Sources */ = {
			isa = PBXSourcesBuildPhase;
			buildActionMask = 2147483647;
			files = (
				EEC0D5B0270E9A7600EBA7AF /* ViewController.m in Sources */,
				EEC0D5AA270E9A7600EBA7AF /* AppDelegate.m in Sources */,
				EEC0D5BB270E9A7A00EBA7AF /* main.m in Sources */,
				EEC0D5AD270E9A7600EBA7AF /* SceneDelegate.m in Sources */,
			);
			runOnlyForDeploymentPostprocessing = 0;
		};
/* End PBXSourcesBuildPhase section */

/* Begin PBXVariantGroup section */
		EEC0D5B1270E9A7600EBA7AF /* Main.storyboard */ = {
			isa = PBXVariantGroup;
			children = (
				EEC0D5B2270E9A7600EBA7AF /* Base */,
			);
			name = Main.storyboard;
			sourceTree = "<group>";
		};
		EEC0D5B6270E9A7A00EBA7AF /* LaunchScreen.storyboard */ = {
			isa = PBXVariantGroup;
			children = (
				EEC0D5B7270E9A7A00EBA7AF /* Base */,
			);
			name = LaunchScreen.storyboard;
			sourceTree = "<group>";
		};
/* End PBXVariantGroup section */

/* Begin XCBuildConfiguration section */
		EEC0D5BC270E9A7A00EBA7AF /* Debug */ = {
			isa = XCBuildConfiguration;
			buildSettings = {
				ALWAYS_SEARCH_USER_PATHS = NO;
				CLANG_ANALYZER_NONNULL = YES;
				CLANG_ANALYZER_NUMBER_OBJECT_CONVERSION = YES_AGGRESSIVE;
				CLANG_CXX_LANGUAGE_STANDARD = "gnu++14";
				CLANG_CXX_LIBRARY = "libc++";
				CLANG_ENABLE_MODULES = YES;
				CLANG_ENABLE_OBJC_ARC = YES;
				CLANG_ENABLE_OBJC_WEAK = YES;
				CLANG_WARN_BLOCK_CAPTURE_AUTORELEASING = YES;
				CLANG_WARN_BOOL_CONVERSION = YES;
				CLANG_WARN_COMMA = YES;
				CLANG_WARN_CONSTANT_CONVERSION = YES;
				CLANG_WARN_DEPRECATED_OBJC_IMPLEMENTATIONS = YES;
				CLANG_WARN_DIRECT_OBJC_ISA_USAGE = YES_ERROR;
				CLANG_WARN_DOCUMENTATION_COMMENTS = YES;
				CLANG_WARN_EMPTY_BODY = YES;
				CLANG_WARN_ENUM_CONVERSION = YES;
				CLANG_WARN_INFINITE_RECURSION = YES;
				CLANG_WARN_INT_CONVERSION = YES;
				CLANG_WARN_NON_LITERAL_NULL_CONVERSION = YES;
				CLANG_WARN_OBJC_IMPLICIT_RETAIN_SELF = YES;
				CLANG_WARN_OBJC_LITERAL_CONVERSION = YES;
				CLANG_WARN_OBJC_ROOT_CLASS = YES_ERROR;
				CLANG_WARN_QUOTED_INCLUDE_IN_FRAMEWORK_HEADER = YES;
				CLANG_WARN_RANGE_LOOP_ANALYSIS = YES;
				CLANG_WARN_STRICT_PROTOTYPES = YES;
				CLANG_WARN_SUSPICIOUS_MOVE = YES;
				CLANG_WARN_UNGUARDED_AVAILABILITY = YES_AGGRESSIVE;
				CLANG_WARN_UNREACHABLE_CODE = YES;
				CLANG_WARN__DUPLICATE_METHOD_MATCH = YES;
				COPY_PHASE_STRIP = NO;
				DEBUG_INFORMATION_FORMAT = dwarf;
				ENABLE_STRICT_OBJC_MSGSEND = YES;
				ENABLE_TESTABILITY = YES;
				GCC_C_LANGUAGE_STANDARD = gnu11;
				GCC_DYNAMIC_NO_PIC = NO;
				GCC_NO_COMMON_BLOCKS = YES;
				GCC_OPTIMIZATION_LEVEL = 0;
				GCC_PREPROCESSOR_DEFINITIONS = (
					"DEBUG=1",
					"$(inherited)",
				);
				GCC_WARN_64_TO_32_BIT_CONVERSION = YES;
				GCC_WARN_ABOUT_RETURN_TYPE = YES_ERROR;
				GCC_WARN_UNDECLARED_SELECTOR = YES;
				GCC_WARN_UNINITIALIZED_AUTOS = YES_AGGRESSIVE;
				GCC_WARN_UNUSED_FUNCTION = YES;
				GCC_WARN_UNUSED_VARIABLE = YES;
				IPHONEOS_DEPLOYMENT_TARGET = 14.5;
				MTL_ENABLE_DEBUG_INFO = INCLUDE_SOURCE;
				MTL_FAST_MATH = YES;
				ONLY_ACTIVE_ARCH = YES;
				SDKROOT = iphoneos;
			};
			name = Debug;
		};
		EEC0D5BD270E9A7A00EBA7AF /* Release */ = {
			isa = XCBuildConfiguration;
			buildSettings = {
				ALWAYS_SEARCH_USER_PATHS = NO;
				CLANG_ANALYZER_NONNULL = YES;
				CLANG_ANALYZER_NUMBER_OBJECT_CONVERSION = YES_AGGRESSIVE;
				CLANG_CXX_LANGUAGE_STANDARD = "gnu++14";
				CLANG_CXX_LIBRARY = "libc++";
				CLANG_ENABLE_MODULES = YES;
				CLANG_ENABLE_OBJC_ARC = YES;
				CLANG_ENABLE_OBJC_WEAK = YES;
				CLANG_WARN_BLOCK_CAPTURE_AUTORELEASING = YES;
				CLANG_WARN_BOOL_CONVERSION = YES;
				CLANG_WARN_COMMA = YES;
				CLANG_WARN_CONSTANT_CONVERSION = YES;
				CLANG_WARN_DEPRECATED_OBJC_IMPLEMENTATIONS = YES;
				CLANG_WARN_DIRECT_OBJC_ISA_USAGE = YES_ERROR;
				CLANG_WARN_DOCUMENTATION_COMMENTS = YES;
				CLANG_WARN_EMPTY_BODY = YES;
				CLANG_WARN_ENUM_CONVERSION = YES;
				CLANG_WARN_INFINITE_RECURSION = YES;
				CLANG_WARN_INT_CONVERSION = YES;
				CLANG_WARN_NON_LITERAL_NULL_CONVERSION = YES;
				CLANG_WARN_OBJC_IMPLICIT_RETAIN_SELF = YES;
				CLANG_WARN_OBJC_LITERAL_CONVERSION = YES;
				CLANG_WARN_OBJC_ROOT_CLASS = YES_ERROR;
				CLANG_WARN_QUOTED_INCLUDE_IN_FRAMEWORK_HEADER = YES;
				CLANG_WARN_RANGE_LOOP_ANALYSIS = YES;
				CLANG_WARN_STRICT_PROTOTYPES = YES;
				CLANG_WARN_SUSPICIOUS_MOVE = YES;
				CLANG_WARN_UNGUARDED_AVAILABILITY = YES_AGGRESSIVE;
				CLANG_WARN_UNREACHABLE_CODE = YES;
				CLANG_WARN__DUPLICATE_METHOD_MATCH = YES;
				COPY_PHASE_STRIP = NO;
				DEBUG_INFORMATION_FORMAT = "dwarf-with-dsym";
				ENABLE_NS_ASSERTIONS = NO;
				ENABLE_STRICT_OBJC_MSGSEND = YES;
				GCC_C_LANGUAGE_STANDARD = gnu11;
				GCC_NO_COMMON_BLOCKS = YES;
				GCC_WARN_64_TO_32_BIT_CONVERSION = YES;
				GCC_WARN_ABOUT_RETURN_TYPE = YES_ERROR;
				GCC_WARN_UNDECLARED_SELECTOR = YES;
				GCC_WARN_UNINITIALIZED_AUTOS = YES_AGGRESSIVE;
				GCC_WARN_UNUSED_FUNCTION = YES;
				GCC_WARN_UNUSED_VARIABLE = YES;
				IPHONEOS_DEPLOYMENT_TARGET = 14.5;
				MTL_ENABLE_DEBUG_INFO = NO;
				MTL_FAST_MATH = YES;
				SDKROOT = iphoneos;
				VALIDATE_PRODUCT = YES;
			};
			name = Release;
		};
		EEC0D5BF270E9A7A00EBA7AF /* Debug */ = {
			isa = XCBuildConfiguration;
			baseConfigurationReference = 481D058976F3B47B1F3AB1CB /* Pods-UITableViewSampleDemoOC.debug.xcconfig */;
			buildSettings = {
				ASSETCATALOG_COMPILER_APPICON_NAME = AppIcon;
				ASSETCATALOG_COMPILER_GLOBAL_ACCENT_COLOR_NAME = AccentColor;
				CODE_SIGN_STYLE = Automatic;
				DEVELOPMENT_TEAM = MM6425XR6S;
				INFOPLIST_FILE = UITableViewSampleDemoOC/Info.plist;
				LD_RUNPATH_SEARCH_PATHS = (
					"$(inherited)",
					"@executable_path/Frameworks",
				);
				PRODUCT_BUNDLE_IDENTIFIER = bruceyou.UseSampleDemo.UITableViewSampleDemoOC;
				PRODUCT_NAME = "$(TARGET_NAME)";
				TARGETED_DEVICE_FAMILY = "1,2";
			};
			name = Debug;
		};
		EEC0D5C0270E9A7A00EBA7AF /* Release */ = {
			isa = XCBuildConfiguration;
			baseConfigurationReference = 3AB843140D00CBE84ABFB3F5 /* Pods-UITableViewSampleDemoOC.release.xcconfig */;
			buildSettings = {
				ASSETCATALOG_COMPILER_APPICON_NAME = AppIcon;
				ASSETCATALOG_COMPILER_GLOBAL_ACCENT_COLOR_NAME = AccentColor;
				CODE_SIGN_STYLE = Automatic;
				DEVELOPMENT_TEAM = MM6425XR6S;
				INFOPLIST_FILE = UITableViewSampleDemoOC/Info.plist;
				LD_RUNPATH_SEARCH_PATHS = (
					"$(inherited)",
					"@executable_path/Frameworks",
				);
				PRODUCT_BUNDLE_IDENTIFIER = bruceyou.UseSampleDemo.UITableViewSampleDemoOC;
				PRODUCT_NAME = "$(TARGET_NAME)";
				TARGETED_DEVICE_FAMILY = "1,2";
			};
			name = Release;
		};
/* End XCBuildConfiguration section */

/* Begin XCConfigurationList section */
		EEC0D5A0270E9A7600EBA7AF /* Build configuration list for PBXProject "UITableViewSampleDemoOC" */ = {
			isa = XCConfigurationList;
			buildConfigurations = (
				EEC0D5BC270E9A7A00EBA7AF /* Debug */,
				EEC0D5BD270E9A7A00EBA7AF /* Release */,
			);
			defaultConfigurationIsVisible = 0;
			defaultConfigurationName = Release;
		};
		EEC0D5BE270E9A7A00EBA7AF /* Build configuration list for PBXNativeTarget "UITableViewSampleDemoOC" */ = {
			isa = XCConfigurationList;
			buildConfigurations = (
				EEC0D5BF270E9A7A00EBA7AF /* Debug */,
				EEC0D5C0270E9A7A00EBA7AF /* Release */,
			);
			defaultConfigurationIsVisible = 0;
			defaultConfigurationName = Release;
		};
/* End XCConfigurationList section */
	};
	rootObject = EEC0D59D270E9A7600EBA7AF /* Project object */;
}
