// !$*UTF8*$!
{
	archiveVersion = 1;
	classes = {
	};
	objectVersion = 51;
	objects = {

/* Begin PBXBuildFile section */
		BC28EA146EAAEDF33D1E988D /* Pods_UITableViewSampleDemoOC.framework in Frameworks */ = {isa = PBXBuildFile; fileRef = D32446BAD19BA85EF4E7E544 /* Pods_UITableViewSampleDemoOC.framework */; };
		EE61E7592717123300E1F41A /* AppDelegate.m in Sources */ = {isa = PBXBuildFile; fileRef = EE61E7582717123300E1F41A /* AppDelegate.m */; };
		EE61E75C2717123300E1F41A /* SceneDelegate.m in Sources */ = {isa = PBXBuildFile; fileRef = EE61E75B2717123300E1F41A /* SceneDelegate.m */; };
		EE61E75F2717123300E1F41A /* ViewController.m in Sources */ = {isa = PBXBuildFile; fileRef = EE61E75E2717123300E1F41A /* ViewController.m */; };
		EE61E7622717123300E1F41A /* Main.storyboard in Resources */ = {isa = PBXBuildFile; fileRef = EE61E7602717123300E1F41A /* Main.storyboard */; };
		EE61E7642717123700E1F41A /* Assets.xcassets in Resources */ = {isa = PBXBuildFile; fileRef = EE61E7632717123700E1F41A /* Assets.xcassets */; };
		EE61E7672717123700E1F41A /* LaunchScreen.storyboard in Resources */ = {isa = PBXBuildFile; fileRef = EE61E7652717123700E1F41A /* LaunchScreen.storyboard */; };
		EE61E76A2717123800E1F41A /* main.m in Sources */ = {isa = PBXBuildFile; fileRef = EE61E7692717123800E1F41A /* main.m */; };
		EE61E7732717164800E1F41A /* classicTableViewViewController.m in Sources */ = {isa = PBXBuildFile; fileRef = EE61E7722717164800E1F41A /* classicTableViewViewController.m */; };
/* End PBXBuildFile section */

/* Begin PBXFileReference section */
		14A1485201255773DAF3664E /* Pods-UITableViewSampleDemoOC.debug.xcconfig */ = {isa = PBXFileReference; includeInIndex = 1; lastKnownFileType = text.xcconfig; name = "Pods-UITableViewSampleDemoOC.debug.xcconfig"; path = "Target Support Files/Pods-UITableViewSampleDemoOC/Pods-UITableViewSampleDemoOC.debug.xcconfig"; sourceTree = "<group>"; };
		ABDA6CCA6394CE2B065C2EDD /* Pods-UITableViewSampleDemoOC.release.xcconfig */ = {isa = PBXFileReference; includeInIndex = 1; lastKnownFileType = text.xcconfig; name = "Pods-UITableViewSampleDemoOC.release.xcconfig"; path = "Target Support Files/Pods-UITableViewSampleDemoOC/Pods-UITableViewSampleDemoOC.release.xcconfig"; sourceTree = "<group>"; };
		D32446BAD19BA85EF4E7E544 /* Pods_UITableViewSampleDemoOC.framework */ = {isa = PBXFileReference; explicitFileType = wrapper.framework; includeInIndex = 0; path = Pods_UITableViewSampleDemoOC.framework; sourceTree = BUILT_PRODUCTS_DIR; };
		EE61E7542717123300E1F41A /* UITableViewSampleDemoOC.app */ = {isa = PBXFileReference; explicitFileType = wrapper.application; includeInIndex = 0; path = UITableViewSampleDemoOC.app; sourceTree = BUILT_PRODUCTS_DIR; };
		EE61E7572717123300E1F41A /* AppDelegate.h */ = {isa = PBXFileReference; lastKnownFileType = sourcecode.c.h; path = AppDelegate.h; sourceTree = "<group>"; };
		EE61E7582717123300E1F41A /* AppDelegate.m */ = {isa = PBXFileReference; lastKnownFileType = sourcecode.c.objc; path = AppDelegate.m; sourceTree = "<group>"; };
		EE61E75A2717123300E1F41A /* SceneDelegate.h */ = {isa = PBXFileReference; lastKnownFileType = sourcecode.c.h; path = SceneDelegate.h; sourceTree = "<group>"; };
		EE61E75B2717123300E1F41A /* SceneDelegate.m */ = {isa = PBXFileReference; lastKnownFileType = sourcecode.c.objc; path = SceneDelegate.m; sourceTree = "<group>"; };
		EE61E75D2717123300E1F41A /* ViewController.h */ = {isa = PBXFileReference; lastKnownFileType = sourcecode.c.h; path = ViewController.h; sourceTree = "<group>"; };
		EE61E75E2717123300E1F41A /* ViewController.m */ = {isa = PBXFileReference; lastKnownFileType = sourcecode.c.objc; path = ViewController.m; sourceTree = "<group>"; };
		EE61E7612717123300E1F41A /* Base */ = {isa = PBXFileReference; lastKnownFileType = file.storyboard; name = Base; path = Base.lproj/Main.storyboard; sourceTree = "<group>"; };
		EE61E7632717123700E1F41A /* Assets.xcassets */ = {isa = PBXFileReference; lastKnownFileType = folder.assetcatalog; path = Assets.xcassets; sourceTree = "<group>"; };
		EE61E7662717123700E1F41A /* Base */ = {isa = PBXFileReference; lastKnownFileType = file.storyboard; name = Base; path = Base.lproj/LaunchScreen.storyboard; sourceTree = "<group>"; };
		EE61E7682717123700E1F41A /* Info.plist */ = {isa = PBXFileReference; lastKnownFileType = text.plist.xml; path = Info.plist; sourceTree = "<group>"; };
		EE61E7692717123800E1F41A /* main.m */ = {isa = PBXFileReference; lastKnownFileType = sourcecode.c.objc; path = main.m; sourceTree = "<group>"; };
		EE61E7712717164800E1F41A /* classicTableViewViewController.h */ = {isa = PBXFileReference; lastKnownFileType = sourcecode.c.h; path = classicTableViewViewController.h; sourceTree = "<group>"; };
		EE61E7722717164800E1F41A /* classicTableViewViewController.m */ = {isa = PBXFileReference; lastKnownFileType = sourcecode.c.objc; path = classicTableViewViewController.m; sourceTree = "<group>"; };
/* End PBXFileReference section */

/* Begin PBXFrameworksBuildPhase section */
		EE61E7512717123300E1F41A /* Frameworks */ = {
			isa = PBXFrameworksBuildPhase;
			buildActionMask = 2147483647;
			files = (
				BC28EA146EAAEDF33D1E988D /* Pods_UITableViewSampleDemoOC.framework in Frameworks */,
			);
			runOnlyForDeploymentPostprocessing = 0;
		};
/* End PBXFrameworksBuildPhase section */

/* Begin PBXGroup section */
		23DE448D4B73C2DCB41F271B /* Frameworks */ = {
			isa = PBXGroup;
			children = (
				D32446BAD19BA85EF4E7E544 /* Pods_UITableViewSampleDemoOC.framework */,
			);
			name = Frameworks;
			sourceTree = "<group>";
		};
		C5DAD6F4378C8F53B81B448A /* Pods */ = {
			isa = PBXGroup;
			children = (
				14A1485201255773DAF3664E /* Pods-UITableViewSampleDemoOC.debug.xcconfig */,
				ABDA6CCA6394CE2B065C2EDD /* Pods-UITableViewSampleDemoOC.release.xcconfig */,
			);
			path = Pods;
			sourceTree = "<group>";
		};
		EE61E74B2717123300E1F41A = {
			isa = PBXGroup;
			children = (
				EE61E7562717123300E1F41A /* UITableViewSampleDemoOC */,
				EE61E7552717123300E1F41A /* Products */,
				C5DAD6F4378C8F53B81B448A /* Pods */,
				23DE448D4B73C2DCB41F271B /* Frameworks */,
			);
			sourceTree = "<group>";
		};
		EE61E7552717123300E1F41A /* Products */ = {
			isa = PBXGroup;
			children = (
				EE61E7542717123300E1F41A /* UITableViewSampleDemoOC.app */,
			);
			name = Products;
			sourceTree = "<group>";
		};
		EE61E7562717123300E1F41A /* UITableViewSampleDemoOC */ = {
			isa = PBXGroup;
			children = (
				EE61E770271715E400E1F41A /* UITbaleViewSample(表格样式) */,
				EE61E7572717123300E1F41A /* AppDelegate.h */,
				EE61E7582717123300E1F41A /* AppDelegate.m */,
				EE61E75A2717123300E1F41A /* SceneDelegate.h */,
				EE61E75B2717123300E1F41A /* SceneDelegate.m */,
				EE61E75D2717123300E1F41A /* ViewController.h */,
				EE61E75E2717123300E1F41A /* ViewController.m */,
				EE61E7602717123300E1F41A /* Main.storyboard */,
				EE61E7632717123700E1F41A /* Assets.xcassets */,
				EE61E7652717123700E1F41A /* LaunchScreen.storyboard */,
				EE61E7682717123700E1F41A /* Info.plist */,
				EE61E7692717123800E1F41A /* main.m */,
			);
			path = UITableViewSampleDemoOC;
			sourceTree = "<group>";
		};
		EE61E770271715E400E1F41A /* UITbaleViewSample(表格样式) */ = {
			isa = PBXGroup;
			children = (
				EE61E7712717164800E1F41A /* classicTableViewViewController.h */,
				EE61E7722717164800E1F41A /* classicTableViewViewController.m */,
			);
			path = "UITbaleViewSample(表格样式)";
			sourceTree = "<group>";
		};
/* End PBXGroup section */

/* Begin PBXNativeTarget section */
		EE61E7532717123300E1F41A /* UITableViewSampleDemoOC */ = {
			isa = PBXNativeTarget;
			buildConfigurationList = EE61E76D2717123800E1F41A /* Build configuration list for PBXNativeTarget "UITableViewSampleDemoOC" */;
			buildPhases = (
				5D5EEAE529A87DC3E147EA65 /* [CP] Check Pods Manifest.lock */,
				EE61E7502717123300E1F41A /* Sources */,
				EE61E7512717123300E1F41A /* Frameworks */,
				EE61E7522717123300E1F41A /* Resources */,
				2F506CBB388AB469D2C2C02C /* [CP] Embed Pods Frameworks */,
			);
			buildRules = (
			);
			dependencies = (
			);
			name = UITableViewSampleDemoOC;
			productName = UITableViewSampleDemoOC;
			productReference = EE61E7542717123300E1F41A /* UITableViewSampleDemoOC.app */;
			productType = "com.apple.product-type.application";
		};
/* End PBXNativeTarget section */

/* Begin PBXProject section */
		EE61E74C2717123300E1F41A /* Project object */ = {
			isa = PBXProject;
			attributes = {
				LastUpgradeCheck = 1250;
				TargetAttributes = {
					EE61E7532717123300E1F41A = {
						CreatedOnToolsVersion = 12.5.1;
					};
				};
			};
			buildConfigurationList = EE61E74F2717123300E1F41A /* Build configuration list for PBXProject "UITableViewSampleDemoOC" */;
			compatibilityVersion = "Xcode 9.3";
			developmentRegion = en;
			hasScannedForEncodings = 0;
			knownRegions = (
				en,
				Base,
			);
			mainGroup = EE61E74B2717123300E1F41A;
			productRefGroup = EE61E7552717123300E1F41A /* Products */;
			projectDirPath = "";
			projectRoot = "";
			targets = (
				EE61E7532717123300E1F41A /* UITableViewSampleDemoOC */,
			);
		};
/* End PBXProject section */

/* Begin PBXResourcesBuildPhase section */
		EE61E7522717123300E1F41A /* Resources */ = {
			isa = PBXResourcesBuildPhase;
			buildActionMask = 2147483647;
			files = (
				EE61E7672717123700E1F41A /* LaunchScreen.storyboard in Resources */,
				EE61E7642717123700E1F41A /* Assets.xcassets in Resources */,
				EE61E7622717123300E1F41A /* Main.storyboard in Resources */,
			);
			runOnlyForDeploymentPostprocessing = 0;
		};
/* End PBXResourcesBuildPhase section */

/* Begin PBXShellScriptBuildPhase section */
		2F506CBB388AB469D2C2C02C /* [CP] Embed Pods Frameworks */ = {
			isa = PBXShellScriptBuildPhase;
			buildActionMask = 2147483647;
			files = (
			);
			inputFileListPaths = (
				"${PODS_ROOT}/Target Support Files/Pods-UITableViewSampleDemoOC/Pods-UITableViewSampleDemoOC-frameworks-${CONFIGURATION}-input-files.xcfilelist",
			);
			name = "[CP] Embed Pods Frameworks";
			outputFileListPaths = (
				"${PODS_ROOT}/Target Support Files/Pods-UITableViewSampleDemoOC/Pods-UITableViewSampleDemoOC-frameworks-${CONFIGURATION}-output-files.xcfilelist",
			);
			runOnlyForDeploymentPostprocessing = 0;
			shellPath = /bin/sh;
			shellScript = "\"${PODS_ROOT}/Target Support Files/Pods-UITableViewSampleDemoOC/Pods-UITableViewSampleDemoOC-frameworks.sh\"\n";
			showEnvVarsInLog = 0;
		};
		5D5EEAE529A87DC3E147EA65 /* [CP] Check Pods Manifest.lock */ = {
			isa = PBXShellScriptBuildPhase;
			buildActionMask = 2147483647;
			files = (
			);
			inputFileListPaths = (
			);
			inputPaths = (
				"${PODS_PODFILE_DIR_PATH}/Podfile.lock",
				"${PODS_ROOT}/Manifest.lock",
			);
			name = "[CP] Check Pods Manifest.lock";
			outputFileListPaths = (
			);
			outputPaths = (
				"$(DERIVED_FILE_DIR)/Pods-UITableViewSampleDemoOC-checkManifestLockResult.txt",
			);
			runOnlyForDeploymentPostprocessing = 0;
			shellPath = /bin/sh;
			shellScript = "diff \"${PODS_PODFILE_DIR_PATH}/Podfile.lock\" \"${PODS_ROOT}/Manifest.lock\" > /dev/null\nif [ $? != 0 ] ; then\n    # print error to STDERR\n    echo \"error: The sandbox is not in sync with the Podfile.lock. Run 'pod install' or update your CocoaPods installation.\" >&2\n    exit 1\nfi\n# This output is used by Xcode 'outputs' to avoid re-running this script phase.\necho \"SUCCESS\" > \"${SCRIPT_OUTPUT_FILE_0}\"\n";
			showEnvVarsInLog = 0;
		};
/* End PBXShellScriptBuildPhase section */

/* Begin PBXSourcesBuildPhase section */
		EE61E7502717123300E1F41A /* Sources */ = {
			isa = PBXSourcesBuildPhase;
			buildActionMask = 2147483647;
			files = (
				EE61E75F2717123300E1F41A /* ViewController.m in Sources */,
				EE61E7592717123300E1F41A /* AppDelegate.m in Sources */,
				EE61E76A2717123800E1F41A /* main.m in Sources */,
				EE61E7732717164800E1F41A /* classicTableViewViewController.m in Sources */,
				EE61E75C2717123300E1F41A /* SceneDelegate.m in Sources */,
			);
			runOnlyForDeploymentPostprocessing = 0;
		};
/* End PBXSourcesBuildPhase section */

/* Begin PBXVariantGroup section */
		EE61E7602717123300E1F41A /* Main.storyboard */ = {
			isa = PBXVariantGroup;
			children = (
				EE61E7612717123300E1F41A /* Base */,
			);
			name = Main.storyboard;
			sourceTree = "<group>";
		};
		EE61E7652717123700E1F41A /* LaunchScreen.storyboard */ = {
			isa = PBXVariantGroup;
			children = (
				EE61E7662717123700E1F41A /* Base */,
			);
			name = LaunchScreen.storyboard;
			sourceTree = "<group>";
		};
/* End PBXVariantGroup section */

/* Begin XCBuildConfiguration section */
		EE61E76B2717123800E1F41A /* Debug */ = {
			isa = XCBuildConfiguration;
			buildSettings = {
				ALWAYS_SEARCH_USER_PATHS = NO;
				CLANG_ANALYZER_NONNULL = YES;
				CLANG_ANALYZER_NUMBER_OBJECT_CONVERSION = YES_AGGRESSIVE;
				CLANG_CXX_LANGUAGE_STANDARD = "gnu++14";
				CLANG_CXX_LIBRARY = "libc++";
				CLANG_ENABLE_MODULES = YES;
				CLANG_ENABLE_OBJC_ARC = YES;
				CLANG_ENABLE_OBJC_WEAK = YES;
				CLANG_WARN_BLOCK_CAPTURE_AUTORELEASING = YES;
				CLANG_WARN_BOOL_CONVERSION = YES;
				CLANG_WARN_COMMA = YES;
				CLANG_WARN_CONSTANT_CONVERSION = YES;
				CLANG_WARN_DEPRECATED_OBJC_IMPLEMENTATIONS = YES;
				CLANG_WARN_DIRECT_OBJC_ISA_USAGE = YES_ERROR;
				CLANG_WARN_DOCUMENTATION_COMMENTS = YES;
				CLANG_WARN_EMPTY_BODY = YES;
				CLANG_WARN_ENUM_CONVERSION = YES;
				CLANG_WARN_INFINITE_RECURSION = YES;
				CLANG_WARN_INT_CONVERSION = YES;
				CLANG_WARN_NON_LITERAL_NULL_CONVERSION = YES;
				CLANG_WARN_OBJC_IMPLICIT_RETAIN_SELF = YES;
				CLANG_WARN_OBJC_LITERAL_CONVERSION = YES;
				CLANG_WARN_OBJC_ROOT_CLASS = YES_ERROR;
				CLANG_WARN_QUOTED_INCLUDE_IN_FRAMEWORK_HEADER = YES;
				CLANG_WARN_RANGE_LOOP_ANALYSIS = YES;
				CLANG_WARN_STRICT_PROTOTYPES = YES;
				CLANG_WARN_SUSPICIOUS_MOVE = YES;
				CLANG_WARN_UNGUARDED_AVAILABILITY = YES_AGGRESSIVE;
				CLANG_WARN_UNREACHABLE_CODE = YES;
				CLANG_WARN__DUPLICATE_METHOD_MATCH = YES;
				COPY_PHASE_STRIP = NO;
				DEBUG_INFORMATION_FORMAT = dwarf;
				ENABLE_STRICT_OBJC_MSGSEND = YES;
				ENABLE_TESTABILITY = YES;
				GCC_C_LANGUAGE_STANDARD = gnu11;
				GCC_DYNAMIC_NO_PIC = NO;
				GCC_NO_COMMON_BLOCKS = YES;
				GCC_OPTIMIZATION_LEVEL = 0;
				GCC_PREPROCESSOR_DEFINITIONS = (
					"DEBUG=1",
					"$(inherited)",
				);
				GCC_WARN_64_TO_32_BIT_CONVERSION = YES;
				GCC_WARN_ABOUT_RETURN_TYPE = YES_ERROR;
				GCC_WARN_UNDECLARED_SELECTOR = YES;
				GCC_WARN_UNINITIALIZED_AUTOS = YES_AGGRESSIVE;
				GCC_WARN_UNUSED_FUNCTION = YES;
				GCC_WARN_UNUSED_VARIABLE = YES;
				IPHONEOS_DEPLOYMENT_TARGET = 14.5;
				MTL_ENABLE_DEBUG_INFO = INCLUDE_SOURCE;
				MTL_FAST_MATH = YES;
				ONLY_ACTIVE_ARCH = YES;
				SDKROOT = iphoneos;
			};
			name = Debug;
		};
		EE61E76C2717123800E1F41A /* Release */ = {
			isa = XCBuildConfiguration;
			buildSettings = {
				ALWAYS_SEARCH_USER_PATHS = NO;
				CLANG_ANALYZER_NONNULL = YES;
				CLANG_ANALYZER_NUMBER_OBJECT_CONVERSION = YES_AGGRESSIVE;
				CLANG_CXX_LANGUAGE_STANDARD = "gnu++14";
				CLANG_CXX_LIBRARY = "libc++";
				CLANG_ENABLE_MODULES = YES;
				CLANG_ENABLE_OBJC_ARC = YES;
				CLANG_ENABLE_OBJC_WEAK = YES;
				CLANG_WARN_BLOCK_CAPTURE_AUTORELEASING = YES;
				CLANG_WARN_BOOL_CONVERSION = YES;
				CLANG_WARN_COMMA = YES;
				CLANG_WARN_CONSTANT_CONVERSION = YES;
				CLANG_WARN_DEPRECATED_OBJC_IMPLEMENTATIONS = YES;
				CLANG_WARN_DIRECT_OBJC_ISA_USAGE = YES_ERROR;
				CLANG_WARN_DOCUMENTATION_COMMENTS = YES;
				CLANG_WARN_EMPTY_BODY = YES;
				CLANG_WARN_ENUM_CONVERSION = YES;
				CLANG_WARN_INFINITE_RECURSION = YES;
				CLANG_WARN_INT_CONVERSION = YES;
				CLANG_WARN_NON_LITERAL_NULL_CONVERSION = YES;
				CLANG_WARN_OBJC_IMPLICIT_RETAIN_SELF = YES;
				CLANG_WARN_OBJC_LITERAL_CONVERSION = YES;
				CLANG_WARN_OBJC_ROOT_CLASS = YES_ERROR;
				CLANG_WARN_QUOTED_INCLUDE_IN_FRAMEWORK_HEADER = YES;
				CLANG_WARN_RANGE_LOOP_ANALYSIS = YES;
				CLANG_WARN_STRICT_PROTOTYPES = YES;
				CLANG_WARN_SUSPICIOUS_MOVE = YES;
				CLANG_WARN_UNGUARDED_AVAILABILITY = YES_AGGRESSIVE;
				CLANG_WARN_UNREACHABLE_CODE = YES;
				CLANG_WARN__DUPLICATE_METHOD_MATCH = YES;
				COPY_PHASE_STRIP = NO;
				DEBUG_INFORMATION_FORMAT = "dwarf-with-dsym";
				ENABLE_NS_ASSERTIONS = NO;
				ENABLE_STRICT_OBJC_MSGSEND = YES;
				GCC_C_LANGUAGE_STANDARD = gnu11;
				GCC_NO_COMMON_BLOCKS = YES;
				GCC_WARN_64_TO_32_BIT_CONVERSION = YES;
				GCC_WARN_ABOUT_RETURN_TYPE = YES_ERROR;
				GCC_WARN_UNDECLARED_SELECTOR = YES;
				GCC_WARN_UNINITIALIZED_AUTOS = YES_AGGRESSIVE;
				GCC_WARN_UNUSED_FUNCTION = YES;
				GCC_WARN_UNUSED_VARIABLE = YES;
				IPHONEOS_DEPLOYMENT_TARGET = 14.5;
				MTL_ENABLE_DEBUG_INFO = NO;
				MTL_FAST_MATH = YES;
				SDKROOT = iphoneos;
				VALIDATE_PRODUCT = YES;
			};
			name = Release;
		};
		EE61E76E2717123800E1F41A /* Debug */ = {
			isa = XCBuildConfiguration;
			baseConfigurationReference = 14A1485201255773DAF3664E /* Pods-UITableViewSampleDemoOC.debug.xcconfig */;
			buildSettings = {
				ASSETCATALOG_COMPILER_APPICON_NAME = AppIcon;
				ASSETCATALOG_COMPILER_GLOBAL_ACCENT_COLOR_NAME = AccentColor;
				CODE_SIGN_STYLE = Automatic;
				DEVELOPMENT_TEAM = MM6425XR6S;
				INFOPLIST_FILE = UITableViewSampleDemoOC/Info.plist;
				LD_RUNPATH_SEARCH_PATHS = (
					"$(inherited)",
					"@executable_path/Frameworks",
				);
				PRODUCT_BUNDLE_IDENTIFIER = bruceyou.UseSampleDemo.UITableViewSampleDemoOC;
				PRODUCT_NAME = "$(TARGET_NAME)";
				TARGETED_DEVICE_FAMILY = 1;
			};
			name = Debug;
		};
		EE61E76F2717123800E1F41A /* Release */ = {
			isa = XCBuildConfiguration;
			baseConfigurationReference = ABDA6CCA6394CE2B065C2EDD /* Pods-UITableViewSampleDemoOC.release.xcconfig */;
			buildSettings = {
				ASSETCATALOG_COMPILER_APPICON_NAME = AppIcon;
				ASSETCATALOG_COMPILER_GLOBAL_ACCENT_COLOR_NAME = AccentColor;
				CODE_SIGN_STYLE = Automatic;
				DEVELOPMENT_TEAM = MM6425XR6S;
				INFOPLIST_FILE = UITableViewSampleDemoOC/Info.plist;
				LD_RUNPATH_SEARCH_PATHS = (
					"$(inherited)",
					"@executable_path/Frameworks",
				);
				PRODUCT_BUNDLE_IDENTIFIER = bruceyou.UseSampleDemo.UITableViewSampleDemoOC;
				PRODUCT_NAME = "$(TARGET_NAME)";
				TARGETED_DEVICE_FAMILY = 1;
			};
			name = Release;
		};
/* End XCBuildConfiguration section */

/* Begin XCConfigurationList section */
		EE61E74F2717123300E1F41A /* Build configuration list for PBXProject "UITableViewSampleDemoOC" */ = {
			isa = XCConfigurationList;
			buildConfigurations = (
				EE61E76B2717123800E1F41A /* Debug */,
				EE61E76C2717123800E1F41A /* Release */,
			);
			defaultConfigurationIsVisible = 0;
			defaultConfigurationName = Release;
		};
		EE61E76D2717123800E1F41A /* Build configuration list for PBXNativeTarget "UITableViewSampleDemoOC" */ = {
			isa = XCConfigurationList;
			buildConfigurations = (
				EE61E76E2717123800E1F41A /* Debug */,
				EE61E76F2717123800E1F41A /* Release */,
			);
			defaultConfigurationIsVisible = 0;
			defaultConfigurationName = Release;
		};
/* End XCConfigurationList section */
	};
	rootObject = EE61E74C2717123300E1F41A /* Project object */;
}
